
Microsoft Visual Studio Solution File, Format Version 12.00
# Visual Studio 15
VisualStudioVersion = 15.0.28307.960
MinimumVisualStudioVersion = 10.0.40219.1
Project("{FAE04EC0-301F-11D3-BF4B-00C04F79EFBC}") = "Vidly2", "Vidly2\Vidly2.csproj", "{658A1AC0-6309-42F6-A366-31F164684C76}"
EndProject
Global
	GlobalSection(SolutionConfigurationPlatforms) = preSolution
		Debug|Any CPU = Debug|Any CPU
		Release|Any CPU = Release|Any CPU
	EndGlobalSection
	GlobalSection(ProjectConfigurationPlatforms) = postSolution
		{658A1AC0-6309-42F6-A366-31F164684C76}.Debug|Any CPU.ActiveCfg = Debug|Any CPU
		{658A1AC0-6309-42F6-A366-31F164684C76}.Debug|Any CPU.Build.0 = Debug|Any CPU
		{658A1AC0-6309-42F6-A366-31F164684C76}.Release|Any CPU.ActiveCfg = Release|Any CPU
		{658A1AC0-6309-42F6-A366-31F164684C76}.Release|Any CPU.Build.0 = Release|Any CPU
	EndGlobalSection
	GlobalSection(SolutionProperties) = preSolution
		HideSolutionNode = FALSE
	EndGlobalSection
	GlobalSection(ExtensibilityGlobals) = postSolution
		SolutionGuid = {31957D90-1BF6-4425-B512-51061A150904}
	EndGlobalSection
EndGlobal
